// !$*UTF8*$!
{
	archiveVersion = 1;
	classes = {
	};
	objectVersion = 50;
	objects = {

/* Begin PBXBuildFile section */
		3FEF8AF3244A0E1A00E74A1B /* AppDelegate.swift in Sources */ = {isa = PBXBuildFile; fileRef = 3FEF8AF2244A0E1A00E74A1B /* AppDelegate.swift */; };
		3FEF8AF5244A0E1A00E74A1B /* ViewController.swift in Sources */ = {isa = PBXBuildFile; fileRef = 3FEF8AF4244A0E1A00E74A1B /* ViewController.swift */; };
		3FEF8AF8244A0E1A00E74A1B /* Main.storyboard in Resources */ = {isa = PBXBuildFile; fileRef = 3FEF8AF6244A0E1A00E74A1B /* Main.storyboard */; };
		3FEF8AFA244A0E2000E74A1B /* Assets.xcassets in Resources */ = {isa = PBXBuildFile; fileRef = 3FEF8AF9244A0E2000E74A1B /* Assets.xcassets */; };
		3FEF8AFD244A0E2000E74A1B /* LaunchScreen.storyboard in Resources */ = {isa = PBXBuildFile; fileRef = 3FEF8AFB244A0E2000E74A1B /* LaunchScreen.storyboard */; };
		3FEF8B05244A3C6700E74A1B /* WeatherService.swift in Sources */ = {isa = PBXBuildFile; fileRef = 3FEF8B04244A3C6700E74A1B /* WeatherService.swift */; };
		3FEFF8D0244B8F760090A5EA /* Weather.swift in Sources */ = {isa = PBXBuildFile; fileRef = 3FEFF8CF244B8F760090A5EA /* Weather.swift */; };
		B3182D5D52BF9984A38DB5F0 /* Pods_wheather_App_Example.framework in Frameworks */ = {isa = PBXBuildFile; fileRef = 6A62E4AB0FD17DE4A357F14D /* Pods_wheather_App_Example.framework */; };
/* End PBXBuildFile section */

/* Begin PBXFileReference section */
		1D18AF80B491707D741D3108 /* Pods-wheather-App-Example.release.xcconfig */ = {isa = PBXFileReference; includeInIndex = 1; lastKnownFileType = text.xcconfig; name = "Pods-wheather-App-Example.release.xcconfig"; path = "Target Support Files/Pods-wheather-App-Example/Pods-wheather-App-Example.release.xcconfig"; sourceTree = "<group>"; };
		3FEF8AEF244A0E1A00E74A1B /* wheather-App-Example.app */ = {isa = PBXFileReference; explicitFileType = wrapper.application; includeInIndex = 0; path = "wheather-App-Example.app"; sourceTree = BUILT_PRODUCTS_DIR; };
		3FEF8AF2244A0E1A00E74A1B /* AppDelegate.swift */ = {isa = PBXFileReference; lastKnownFileType = sourcecode.swift; path = AppDelegate.swift; sourceTree = "<group>"; };
		3FEF8AF4244A0E1A00E74A1B /* ViewController.swift */ = {isa = PBXFileReference; lastKnownFileType = sourcecode.swift; path = ViewController.swift; sourceTree = "<group>"; };
		3FEF8AF7244A0E1A00E74A1B /* Base */ = {isa = PBXFileReference; lastKnownFileType = file.storyboard; name = Base; path = Base.lproj/Main.storyboard; sourceTree = "<group>"; };
		3FEF8AF9244A0E2000E74A1B /* Assets.xcassets */ = {isa = PBXFileReference; lastKnownFileType = folder.assetcatalog; path = Assets.xcassets; sourceTree = "<group>"; };
		3FEF8AFC244A0E2000E74A1B /* Base */ = {isa = PBXFileReference; lastKnownFileType = file.storyboard; name = Base; path = Base.lproj/LaunchScreen.storyboard; sourceTree = "<group>"; };
		3FEF8AFE244A0E2000E74A1B /* Info.plist */ = {isa = PBXFileReference; lastKnownFileType = text.plist.xml; path = Info.plist; sourceTree = "<group>"; };
		3FEF8B04244A3C6700E74A1B /* WeatherService.swift */ = {isa = PBXFileReference; lastKnownFileType = sourcecode.swift; path = WeatherService.swift; sourceTree = "<group>"; };
		3FEFF8CF244B8F760090A5EA /* Weather.swift */ = {isa = PBXFileReference; lastKnownFileType = sourcecode.swift; path = Weather.swift; sourceTree = "<group>"; };
		6A62E4AB0FD17DE4A357F14D /* Pods_wheather_App_Example.framework */ = {isa = PBXFileReference; explicitFileType = wrapper.framework; includeInIndex = 0; path = Pods_wheather_App_Example.framework; sourceTree = BUILT_PRODUCTS_DIR; };
		C62BC469E68AEF6ABF4639E0 /* Pods-wheather-App-Example.debug.xcconfig */ = {isa = PBXFileReference; includeInIndex = 1; lastKnownFileType = text.xcconfig; name = "Pods-wheather-App-Example.debug.xcconfig"; path = "Target Support Files/Pods-wheather-App-Example/Pods-wheather-App-Example.debug.xcconfig"; sourceTree = "<group>"; };
/* End PBXFileReference section */

/* Begin PBXFrameworksBuildPhase section */
		3FEF8AEC244A0E1A00E74A1B /* Frameworks */ = {
			isa = PBXFrameworksBuildPhase;
			buildActionMask = 2147483647;
			files = (
				B3182D5D52BF9984A38DB5F0 /* Pods_wheather_App_Example.framework in Frameworks */,
			);
			runOnlyForDeploymentPostprocessing = 0;
		};
/* End PBXFrameworksBuildPhase section */

/* Begin PBXGroup section */
		0092736301ADC10B4CFB770B /* Pods */ = {
			isa = PBXGroup;
			children = (
				C62BC469E68AEF6ABF4639E0 /* Pods-wheather-App-Example.debug.xcconfig */,
				1D18AF80B491707D741D3108 /* Pods-wheather-App-Example.release.xcconfig */,
			);
			name = Pods;
			path = Pods;
			sourceTree = "<group>";
		};
		0DAB7CF1168D4D5694A9B932 /* Frameworks */ = {
			isa = PBXGroup;
			children = (
				6A62E4AB0FD17DE4A357F14D /* Pods_wheather_App_Example.framework */,
			);
			name = Frameworks;
			sourceTree = "<group>";
		};
		3FEF8AE6244A0E1A00E74A1B = {
			isa = PBXGroup;
			children = (
				3FEF8AF1244A0E1A00E74A1B /* wheather-App-Example */,
				3FEF8AF0244A0E1A00E74A1B /* Products */,
				0092736301ADC10B4CFB770B /* Pods */,
				0DAB7CF1168D4D5694A9B932 /* Frameworks */,
			);
			sourceTree = "<group>";
		};
		3FEF8AF0244A0E1A00E74A1B /* Products */ = {
			isa = PBXGroup;
			children = (
				3FEF8AEF244A0E1A00E74A1B /* wheather-App-Example.app */,
			);
			name = Products;
			sourceTree = "<group>";
		};
		3FEF8AF1244A0E1A00E74A1B /* wheather-App-Example */ = {
			isa = PBXGroup;
			children = (
				3FEF8AF2244A0E1A00E74A1B /* AppDelegate.swift */,
				3FEF8AF4244A0E1A00E74A1B /* ViewController.swift */,
				3FEFF8CF244B8F760090A5EA /* Weather.swift */,
				3FEF8AF6244A0E1A00E74A1B /* Main.storyboard */,
				3FEF8B04244A3C6700E74A1B /* WeatherService.swift */,
				3FEF8AF9244A0E2000E74A1B /* Assets.xcassets */,
				3FEF8AFB244A0E2000E74A1B /* LaunchScreen.storyboard */,
				3FEF8AFE244A0E2000E74A1B /* Info.plist */,
			);
			path = "wheather-App-Example";
			sourceTree = "<group>";
		};
/* End PBXGroup section */

/* Begin PBXNativeTarget section */
		3FEF8AEE244A0E1A00E74A1B /* wheather-App-Example */ = {
			isa = PBXNativeTarget;
			buildConfigurationList = 3FEF8B01244A0E2000E74A1B /* Build configuration list for PBXNativeTarget "wheather-App-Example" */;
			buildPhases = (
				8073E2563631DB676E09238B /* [CP] Check Pods Manifest.lock */,
				3FEF8AEB244A0E1A00E74A1B /* Sources */,
				3FEF8AEC244A0E1A00E74A1B /* Frameworks */,
				3FEF8AED244A0E1A00E74A1B /* Resources */,
				4DBF680AC6AA03F6784EBFBB /* [CP] Embed Pods Frameworks */,
			);
			buildRules = (
			);
			dependencies = (
			);
			name = "wheather-App-Example";
			productName = "wheather-App-Example";
			productReference = 3FEF8AEF244A0E1A00E74A1B /* wheather-App-Example.app */;
			productType = "com.apple.product-type.application";
		};
/* End PBXNativeTarget section */

/* Begin PBXProject section */
		3FEF8AE7244A0E1A00E74A1B /* Project object */ = {
			isa = PBXProject;
			attributes = {
				LastSwiftUpdateCheck = 1010;
				LastUpgradeCheck = 1010;
				ORGANIZATIONNAME = "BSAL-MAC";
				TargetAttributes = {
					3FEF8AEE244A0E1A00E74A1B = {
						CreatedOnToolsVersion = 10.1;
					};
				};
			};
			buildConfigurationList = 3FEF8AEA244A0E1A00E74A1B /* Build configuration list for PBXProject "wheather-App-Example" */;
			compatibilityVersion = "Xcode 9.3";
			developmentRegion = en;
			hasScannedForEncodings = 0;
			knownRegions = (
				en,
				Base,
			);
			mainGroup = 3FEF8AE6244A0E1A00E74A1B;
			productRefGroup = 3FEF8AF0244A0E1A00E74A1B /* Products */;
			projectDirPath = "";
			projectRoot = "";
			targets = (
				3FEF8AEE244A0E1A00E74A1B /* wheather-App-Example */,
			);
		};
/* End PBXProject section */

/* Begin PBXResourcesBuildPhase section */
		3FEF8AED244A0E1A00E74A1B /* Resources */ = {
			isa = PBXResourcesBuildPhase;
			buildActionMask = 2147483647;
			files = (
				3FEF8AFD244A0E2000E74A1B /* LaunchScreen.storyboard in Resources */,
				3FEF8AFA244A0E2000E74A1B /* Assets.xcassets in Resources */,
				3FEF8AF8244A0E1A00E74A1B /* Main.storyboard in Resources */,
			);
			runOnlyForDeploymentPostprocessing = 0;
		};
/* End PBXResourcesBuildPhase section */

/* Begin PBXShellScriptBuildPhase section */
		4DBF680AC6AA03F6784EBFBB /* [CP] Embed Pods Frameworks */ = {
			isa = PBXShellScriptBuildPhase;
			buildActionMask = 2147483647;
			files = (
			);
			inputFileListPaths = (
				"${PODS_ROOT}/Target Support Files/Pods-wheather-App-Example/Pods-wheather-App-Example-frameworks-${CONFIGURATION}-input-files.xcfilelist",
			);
			name = "[CP] Embed Pods Frameworks";
			outputFileListPaths = (
				"${PODS_ROOT}/Target Support Files/Pods-wheather-App-Example/Pods-wheather-App-Example-frameworks-${CONFIGURATION}-output-files.xcfilelist",
			);
			runOnlyForDeploymentPostprocessing = 0;
			shellPath = /bin/sh;
			shellScript = "\"${PODS_ROOT}/Target Support Files/Pods-wheather-App-Example/Pods-wheather-App-Example-frameworks.sh\"\n";
			showEnvVarsInLog = 0;
		};
		8073E2563631DB676E09238B /* [CP] Check Pods Manifest.lock */ = {
			isa = PBXShellScriptBuildPhase;
			buildActionMask = 2147483647;
			files = (
			);
			inputFileListPaths = (
			);
			inputPaths = (
				"${PODS_PODFILE_DIR_PATH}/Podfile.lock",
				"${PODS_ROOT}/Manifest.lock",
			);
			name = "[CP] Check Pods Manifest.lock";
			outputFileListPaths = (
			);
			outputPaths = (
				"$(DERIVED_FILE_DIR)/Pods-wheather-App-Example-checkManifestLockResult.txt",
			);
			runOnlyForDeploymentPostprocessing = 0;
			shellPath = /bin/sh;
			shellScript = "diff \"${PODS_PODFILE_DIR_PATH}/Podfile.lock\" \"${PODS_ROOT}/Manifest.lock\" > /dev/null\nif [ $? != 0 ] ; then\n    # print error to STDERR\n    echo \"error: The sandbox is not in sync with the Podfile.lock. Run 'pod install' or update your CocoaPods installation.\" >&2\n    exit 1\nfi\n# This output is used by Xcode 'outputs' to avoid re-running this script phase.\necho \"SUCCESS\" > \"${SCRIPT_OUTPUT_FILE_0}\"\n";
			showEnvVarsInLog = 0;
		};
/* End PBXShellScriptBuildPhase section */

/* Begin PBXSourcesBuildPhase section */
		3FEF8AEB244A0E1A00E74A1B /* Sources */ = {
			isa = PBXSourcesBuildPhase;
			buildActionMask = 2147483647;
			files = (
				3FEFF8D0244B8F760090A5EA /* Weather.swift in Sources */,
				3FEF8AF5244A0E1A00E74A1B /* ViewController.swift in Sources */,
				3FEF8B05244A3C6700E74A1B /* WeatherService.swift in Sources */,
				3FEF8AF3244A0E1A00E74A1B /* AppDelegate.swift in Sources */,
			);
			runOnlyForDeploymentPostprocessing = 0;
		};
/* End PBXSourcesBuildPhase section */

/* Begin PBXVariantGroup section */
		3FEF8AF6244A0E1A00E74A1B /* Main.storyboard */ = {
			isa = PBXVariantGroup;
			children = (
				3FEF8AF7244A0E1A00E74A1B /* Base */,
			);
			name = Main.storyboard;
			sourceTree = "<group>";
		};
		3FEF8AFB244A0E2000E74A1B /* LaunchScreen.storyboard */ = {
			isa = PBXVariantGroup;
			children = (
				3FEF8AFC244A0E2000E74A1B /* Base */,
			);
			name = LaunchScreen.storyboard;
			sourceTree = "<group>";
		};
/* End PBXVariantGroup section */

/* Begin XCBuildConfiguration section */
		3FEF8AFF244A0E2000E74A1B /* Debug */ = {
			isa = XCBuildConfiguration;
			buildSettings = {
				ALWAYS_SEARCH_USER_PATHS = NO;
				CLANG_ANALYZER_NONNULL = YES;
				CLANG_ANALYZER_NUMBER_OBJECT_CONVERSION = YES_AGGRESSIVE;
				CLANG_CXX_LANGUAGE_STANDARD = "gnu++14";
				CLANG_CXX_LIBRARY = "libc++";
				CLANG_ENABLE_MODULES = YES;
				CLANG_ENABLE_OBJC_ARC = YES;
				CLANG_ENABLE_OBJC_WEAK = YES;
				CLANG_WARN_BLOCK_CAPTURE_AUTORELEASING = YES;
				CLANG_WARN_BOOL_CONVERSION = YES;
				CLANG_WARN_COMMA = YES;
				CLANG_WARN_CONSTANT_CONVERSION = YES;
				CLANG_WARN_DEPRECATED_OBJC_IMPLEMENTATIONS = YES;
				CLANG_WARN_DIRECT_OBJC_ISA_USAGE = YES_ERROR;
				CLANG_WARN_DOCUMENTATION_COMMENTS = YES;
				CLANG_WARN_EMPTY_BODY = YES;
				CLANG_WARN_ENUM_CONVERSION = YES;
				CLANG_WARN_INFINITE_RECURSION = YES;
				CLANG_WARN_INT_CONVERSION = YES;
				CLANG_WARN_NON_LITERAL_NULL_CONVERSION = YES;
				CLANG_WARN_OBJC_IMPLICIT_RETAIN_SELF = YES;
				CLANG_WARN_OBJC_LITERAL_CONVERSION = YES;
				CLANG_WARN_OBJC_ROOT_CLASS = YES_ERROR;
				CLANG_WARN_RANGE_LOOP_ANALYSIS = YES;
				CLANG_WARN_STRICT_PROTOTYPES = YES;
				CLANG_WARN_SUSPICIOUS_MOVE = YES;
				CLANG_WARN_UNGUARDED_AVAILABILITY = YES_AGGRESSIVE;
				CLANG_WARN_UNREACHABLE_CODE = YES;
				CLANG_WARN__DUPLICATE_METHOD_MATCH = YES;
				CODE_SIGN_IDENTITY = "iPhone Developer";
				COPY_PHASE_STRIP = NO;
				DEBUG_INFORMATION_FORMAT = dwarf;
				ENABLE_STRICT_OBJC_MSGSEND = YES;
				ENABLE_TESTABILITY = YES;
				GCC_C_LANGUAGE_STANDARD = gnu11;
				GCC_DYNAMIC_NO_PIC = NO;
				GCC_NO_COMMON_BLOCKS = YES;
				GCC_OPTIMIZATION_LEVEL = 0;
				GCC_PREPROCESSOR_DEFINITIONS = (
					"DEBUG=1",
					"$(inherited)",
				);
				GCC_WARN_64_TO_32_BIT_CONVERSION = YES;
				GCC_WARN_ABOUT_RETURN_TYPE = YES_ERROR;
				GCC_WARN_UNDECLARED_SELECTOR = YES;
				GCC_WARN_UNINITIALIZED_AUTOS = YES_AGGRESSIVE;
				GCC_WARN_UNUSED_FUNCTION = YES;
				GCC_WARN_UNUSED_VARIABLE = YES;
				IPHONEOS_DEPLOYMENT_TARGET = 12.1;
				MTL_ENABLE_DEBUG_INFO = INCLUDE_SOURCE;
				MTL_FAST_MATH = YES;
				ONLY_ACTIVE_ARCH = YES;
				SDKROOT = iphoneos;
				SWIFT_ACTIVE_COMPILATION_CONDITIONS = DEBUG;
				SWIFT_OPTIMIZATION_LEVEL = "-Onone";
			};
			name = Debug;
		};
		3FEF8B00244A0E2000E74A1B /* Release */ = {
			isa = XCBuildConfiguration;
			buildSettings = {
				ALWAYS_SEARCH_USER_PATHS = NO;
				CLANG_ANALYZER_NONNULL = YES;
				CLANG_ANALYZER_NUMBER_OBJECT_CONVERSION = YES_AGGRESSIVE;
				CLANG_CXX_LANGUAGE_STANDARD = "gnu++14";
				CLANG_CXX_LIBRARY = "libc++";
				CLANG_ENABLE_MODULES = YES;
				CLANG_ENABLE_OBJC_ARC = YES;
				CLANG_ENABLE_OBJC_WEAK = YES;
				CLANG_WARN_BLOCK_CAPTURE_AUTORELEASING = YES;
				CLANG_WARN_BOOL_CONVERSION = YES;
				CLANG_WARN_COMMA = YES;
				CLANG_WARN_CONSTANT_CONVERSION = YES;
				CLANG_WARN_DEPRECATED_OBJC_IMPLEMENTATIONS = YES;
				CLANG_WARN_DIRECT_OBJC_ISA_USAGE = YES_ERROR;
				CLANG_WARN_DOCUMENTATION_COMMENTS = YES;
				CLANG_WARN_EMPTY_BODY = YES;
				CLANG_WARN_ENUM_CONVERSION = YES;
				CLANG_WARN_INFINITE_RECURSION = YES;
				CLANG_WARN_INT_CONVERSION = YES;
				CLANG_WARN_NON_LITERAL_NULL_CONVERSION = YES;
				CLANG_WARN_OBJC_IMPLICIT_RETAIN_SELF = YES;
				CLANG_WARN_OBJC_LITERAL_CONVERSION = YES;
				CLANG_WARN_OBJC_ROOT_CLASS = YES_ERROR;
				CLANG_WARN_RANGE_LOOP_ANALYSIS = YES;
				CLANG_WARN_STRICT_PROTOTYPES = YES;
				CLANG_WARN_SUSPICIOUS_MOVE = YES;
				CLANG_WARN_UNGUARDED_AVAILABILITY = YES_AGGRESSIVE;
				CLANG_WARN_UNREACHABLE_CODE = YES;
				CLANG_WARN__DUPLICATE_METHOD_MATCH = YES;
				CODE_SIGN_IDENTITY = "iPhone Developer";
				COPY_PHASE_STRIP = NO;
				DEBUG_INFORMATION_FORMAT = "dwarf-with-dsym";
				ENABLE_NS_ASSERTIONS = NO;
				ENABLE_STRICT_OBJC_MSGSEND = YES;
				GCC_C_LANGUAGE_STANDARD = gnu11;
				GCC_NO_COMMON_BLOCKS = YES;
				GCC_WARN_64_TO_32_BIT_CONVERSION = YES;
				GCC_WARN_ABOUT_RETURN_TYPE = YES_ERROR;
				GCC_WARN_UNDECLARED_SELECTOR = YES;
				GCC_WARN_UNINITIALIZED_AUTOS = YES_AGGRESSIVE;
				GCC_WARN_UNUSED_FUNCTION = YES;
				GCC_WARN_UNUSED_VARIABLE = YES;
				IPHONEOS_DEPLOYMENT_TARGET = 12.1;
				MTL_ENABLE_DEBUG_INFO = NO;
				MTL_FAST_MATH = YES;
				SDKROOT = iphoneos;
				SWIFT_COMPILATION_MODE = wholemodule;
				SWIFT_OPTIMIZATION_LEVEL = "-O";
				VALIDATE_PRODUCT = YES;
			};
			name = Release;
		};
		3FEF8B02244A0E2000E74A1B /* Debug */ = {
			isa = XCBuildConfiguration;
			baseConfigurationReference = C62BC469E68AEF6ABF4639E0 /* Pods-wheather-App-Example.debug.xcconfig */;
			buildSettings = {
				ASSETCATALOG_COMPILER_APPICON_NAME = AppIcon;
				CODE_SIGN_STYLE = Automatic;
				DEVELOPMENT_TEAM = 3KU2VG7M96;
				INFOPLIST_FILE = "wheather-App-Example/Info.plist";
				LD_RUNPATH_SEARCH_PATHS = (
					"$(inherited)",
					"@executable_path/Frameworks",
				);
				PRODUCT_BUNDLE_IDENTIFIER = "shree.mojave.wheather-App-Example";
				PRODUCT_NAME = "$(TARGET_NAME)";
				SWIFT_VERSION = 4.2;
				TARGETED_DEVICE_FAMILY = "1,2";
			};
			name = Debug;
		};
		3FEF8B03244A0E2000E74A1B /* Release */ = {
			isa = XCBuildConfiguration;
			baseConfigurationReference = 1D18AF80B491707D741D3108 /* Pods-wheather-App-Example.release.xcconfig */;
			buildSettings = {
				ASSETCATALOG_COMPILER_APPICON_NAME = AppIcon;
				CODE_SIGN_STYLE = Automatic;
				DEVELOPMENT_TEAM = 3KU2VG7M96;
				INFOPLIST_FILE = "wheather-App-Example/Info.plist";
				LD_RUNPATH_SEARCH_PATHS = (
					"$(inherited)",
					"@executable_path/Frameworks",
				);
				PRODUCT_BUNDLE_IDENTIFIER = "shree.mojave.wheather-App-Example";
				PRODUCT_NAME = "$(TARGET_NAME)";
				SWIFT_VERSION = 4.2;
				TARGETED_DEVICE_FAMILY = "1,2";
			};
			name = Release;
		};
/* End XCBuildConfiguration section */

/* Begin XCConfigurationList section */
		3FEF8AEA244A0E1A00E74A1B /* Build configuration list for PBXProject "wheather-App-Example" */ = {
			isa = XCConfigurationList;
			buildConfigurations = (
				3FEF8AFF244A0E2000E74A1B /* Debug */,
				3FEF8B00244A0E2000E74A1B /* Release */,
			);
			defaultConfigurationIsVisible = 0;
			defaultConfigurationName = Release;
		};
		3FEF8B01244A0E2000E74A1B /* Build configuration list for PBXNativeTarget "wheather-App-Example" */ = {
			isa = XCConfigurationList;
			buildConfigurations = (
				3FEF8B02244A0E2000E74A1B /* Debug */,
				3FEF8B03244A0E2000E74A1B /* Release */,
			);
			defaultConfigurationIsVisible = 0;
			defaultConfigurationName = Release;
		};
/* End XCConfigurationList section */
	};
	rootObject = 3FEF8AE7244A0E1A00E74A1B /* Project object */;
}
